
Microsoft Visual Studio Solution File, Format Version 12.00
# Visual Studio Version 16
VisualStudioVersion = 16.0.29403.142
MinimumVisualStudioVersion = 10.0.40219.1
Project("{8BC9CEB8-8B4A-11D0-8D11-00A0C91BC942}") = "CPLEX_C++", "CPLEX_C++\CPLEX_C++.vcxproj", "{30242F40-D506-44F6-BCCB-C46AADA25A77}"
EndProject
Global
	GlobalSection(SolutionConfigurationPlatforms) = preSolution
		Debug|x64 = Debug|x64
		Debug|x86 = Debug|x86
		Release|x64 = Release|x64
		Release|x86 = Release|x86
	EndGlobalSection
	GlobalSection(ProjectConfigurationPlatforms) = postSolution
		{30242F40-D506-44F6-BCCB-C46AADA25A77}.Debug|x64.ActiveCfg = Debug|x64
		{30242F40-D506-44F6-BCCB-C46AADA25A77}.Debug|x64.Build.0 = Debug|x64
		{30242F40-D506-44F6-BCCB-C46AADA25A77}.Debug|x86.ActiveCfg = Debug|Win32
		{30242F40-D506-44F6-BCCB-C46AADA25A77}.Debug|x86.Build.0 = Debug|Win32
		{30242F40-D506-44F6-BCCB-C46AADA25A77}.Release|x64.ActiveCfg = Release|x64
		{30242F40-D506-44F6-BCCB-C46AADA25A77}.Release|x64.Build.0 = Release|x64
		{30242F40-D506-44F6-BCCB-C46AADA25A77}.Release|x86.ActiveCfg = Release|Win32
		{30242F40-D506-44F6-BCCB-C46AADA25A77}.Release|x86.Build.0 = Release|Win32
	EndGlobalSection
	GlobalSection(SolutionProperties) = preSolution
		HideSolutionNode = FALSE
	EndGlobalSection
	GlobalSection(ExtensibilityGlobals) = postSolution
		SolutionGuid = {3BE543E8-D404-4EB3-8EB2-066C15621351}
	EndGlobalSection
EndGlobal
